<?xml version="1.0" encoding="UTF-8" standalone="yes" ?>
<CodeBlocks_project_file>
	<FileVersion major="1" minor="6" />
	<Project>
		<Option title="Aizo2" />
		<Option pch_mode="2" />
		<Option compiler="gcc" />
		<Build>
			<Target title="Debug">
				<Option output="bin/Debug/Aizo2" prefix_auto="1" extension_auto="1" />
				<Option object_output="obj/Debug/" />
				<Option type="1" />
				<Option compiler="gcc" />
				<Compiler>
					<Add option="-g" />
					<Add directory="include" />
				</Compiler>
				<Linker>
					<Add option="-static-libstdc++" />
					<Add option="-static-libgcc" />
					<Add option="-static" />
				</Linker>
			</Target>
			<Target title="Release">
				<Option output="bin/Release/Aizo2" prefix_auto="1" extension_auto="1" />
				<Option object_output="obj/Release/" />
				<Option type="1" />
				<Option compiler="gcc" />
				<Compiler>
					<Add option="-O2" />
					<Add directory="include" />
				</Compiler>
				<Linker>
					<Add option="-s" />
				</Linker>
			</Target>
		</Build>
		<Compiler>
			<Add option="-Wall" />
			<Add option="-fexceptions" />
		</Compiler>
		<Unit filename="include/IncidenceGraph.h" />
		<Unit filename="include/Input.h" />
		<Unit filename="include/ListGraph.h" />
		<Unit filename="include/MST.h" />
		<Unit filename="include/Menu.h" />
		<Unit filename="include/Options.h" />
		<Unit filename="include/Shortest_path.h" />
		<Unit filename="main.cpp" />
		<Unit filename="src/IncidenceGraph.cpp" />
		<Unit filename="src/Input.cpp" />
		<Unit filename="src/ListGraph.cpp" />
		<Unit filename="src/MST.cpp" />
		<Unit filename="src/Menu.cpp" />
		<Unit filename="src/Options.cpp" />
		<Unit filename="src/Shortest_path.cpp" />
		<Extensions />
	</Project>
</CodeBlocks_project_file>
